Microsoft Visual Studio Solution File, Format Version 12.00
# Visual Studio 2012
Project("{FAE04EC0-301F-11D3-BF4B-00C04F79EFBC}") = "Lesson 01", "Lesson 01.csproj", "{2EE97F14-B902-47BE-8A97-EA5E98FE4DAE}"
EndProject
Global
	GlobalSection(SolutionConfigurationPlatforms) = preSolution
	Debug|Any CPU = Debug|Any CPU
	ExportDebug|Any CPU = ExportDebug|Any CPU
	ExportRelease|Any CPU = ExportRelease|Any CPU
	EndGlobalSection
	GlobalSection(ProjectConfigurationPlatforms) = postSolution
		{2EE97F14-B902-47BE-8A97-EA5E98FE4DAE}.Debug|Any CPU.ActiveCfg = Debug|Any CPU
		{2EE97F14-B902-47BE-8A97-EA5E98FE4DAE}.Debug|Any CPU.Build.0 = Debug|Any CPU
		{2EE97F14-B902-47BE-8A97-EA5E98FE4DAE}.ExportDebug|Any CPU.ActiveCfg = ExportDebug|Any CPU
		{2EE97F14-B902-47BE-8A97-EA5E98FE4DAE}.ExportDebug|Any CPU.Build.0 = ExportDebug|Any CPU
		{2EE97F14-B902-47BE-8A97-EA5E98FE4DAE}.ExportRelease|Any CPU.ActiveCfg = ExportRelease|Any CPU
		{2EE97F14-B902-47BE-8A97-EA5E98FE4DAE}.ExportRelease|Any CPU.Build.0 = ExportRelease|Any CPU
	EndGlobalSection
EndGlobal
